
Microsoft Visual Studio Solution File, Format Version 12.00
# Visual Studio Version 16
VisualStudioVersion = 16.0.31729.503
MinimumVisualStudioVersion = 10.0.40219.1
Project("{8BC9CEB8-8B4A-11D0-8D11-00A0C91BC942}") = "pr5.1", "pr5.1\pr5.1.vcxproj", "{3AD77A8A-1C43-4FFD-ADFE-15657D151E79}"
EndProject
Global
	GlobalSection(SolutionConfigurationPlatforms) = preSolution
		Debug|x64 = Debug|x64
		Debug|x86 = Debug|x86
		Release|x64 = Release|x64
		Release|x86 = Release|x86
	EndGlobalSection
	GlobalSection(ProjectConfigurationPlatforms) = postSolution
		{3AD77A8A-1C43-4FFD-ADFE-15657D151E79}.Debug|x64.ActiveCfg = Debug|x64
		{3AD77A8A-1C43-4FFD-ADFE-15657D151E79}.Debug|x64.Build.0 = Debug|x64
		{3AD77A8A-1C43-4FFD-ADFE-15657D151E79}.Debug|x86.ActiveCfg = Debug|Win32
		{3AD77A8A-1C43-4FFD-ADFE-15657D151E79}.Debug|x86.Build.0 = Debug|Win32
		{3AD77A8A-1C43-4FFD-ADFE-15657D151E79}.Release|x64.ActiveCfg = Release|x64
		{3AD77A8A-1C43-4FFD-ADFE-15657D151E79}.Release|x64.Build.0 = Release|x64
		{3AD77A8A-1C43-4FFD-ADFE-15657D151E79}.Release|x86.ActiveCfg = Release|Win32
		{3AD77A8A-1C43-4FFD-ADFE-15657D151E79}.Release|x86.Build.0 = Release|Win32
	EndGlobalSection
	GlobalSection(SolutionProperties) = preSolution
		HideSolutionNode = FALSE
	EndGlobalSection
	GlobalSection(ExtensibilityGlobals) = postSolution
		SolutionGuid = {002B9AAF-71AA-453B-8A82-FFCD56C96970}
	EndGlobalSection
EndGlobal
